
Microsoft Visual Studio Solution File, Format Version 12.00
# Visual Studio Version 17
VisualStudioVersion = 17.5.002.0
MinimumVisualStudioVersion = 10.0.40219.1
Project("{2150E333-8FDC-42A3-9474-1A3956D46DE8}") = "sandbox", "sandbox", "{439ECE72-EBD0-409B-B4D1-1FEC117A6688}"
EndProject
Project("{9A19103F-16F7-4668-BE54-9A1E7A4F7556}") = "sandbox_project", "sandbox\sandbox_project\sandbox_project.csproj", "{008DEDA6-AAC7-4A91-990B-DCD5DB450419}"
EndProject
Project("{2150E333-8FDC-42A3-9474-1A3956D46DE8}") = "week01", "week01", "{6EEEEC26-34B6-4EB6-872B-A078EC67FD46}"
EndProject
Project("{9A19103F-16F7-4668-BE54-9A1E7A4F7556}") = "analyze", "week01\analyze\analyze.csproj", "{0242B335-F87E-41AB-8FEB-BE69261D3B91}"
EndProject
Project("{9A19103F-16F7-4668-BE54-9A1E7A4F7556}") = "code", "week01\code\code.csproj", "{B6AC9B19-0322-4577-B51F-07C9E12CF0AE}"
EndProject
Project("{9A19103F-16F7-4668-BE54-9A1E7A4F7556}") = "teach", "week01\teach\teach.csproj", "{AF2A92A6-F209-42A5-952F-24BEA57E852B}"
EndProject
Project("{2150E333-8FDC-42A3-9474-1A3956D46DE8}") = "week02", "week02", "{83171E7B-D4F0-4088-A4F0-06E8C2A2F64F}"
EndProject
Project("{9A19103F-16F7-4668-BE54-9A1E7A4F7556}") = "analyze", "week02\analyze\analyze.csproj", "{59DB654A-216D-43E6-9B3A-67F2BDEC2149}"
EndProject
Project("{9A19103F-16F7-4668-BE54-9A1E7A4F7556}") = "code", "week02\code\code.csproj", "{78B197B7-7AD3-4746-B390-AC59965220C5}"
EndProject
Project("{9A19103F-16F7-4668-BE54-9A1E7A4F7556}") = "learn", "week02\learn\learn.csproj", "{9795F269-5ACD-44DD-BA86-B6BEE8A5F264}"
EndProject
Project("{9A19103F-16F7-4668-BE54-9A1E7A4F7556}") = "teach", "week02\teach\teach.csproj", "{48DD6A7E-C5CE-47AD-9667-EB5C9E599D0F}"
EndProject
Project("{2150E333-8FDC-42A3-9474-1A3956D46DE8}") = "week03", "week03", "{26911854-0ACB-41AF-925B-396BB67E9204}"
EndProject
Project("{9A19103F-16F7-4668-BE54-9A1E7A4F7556}") = "code", "week03\code\code.csproj", "{57B3A1F0-0826-49DF-98CC-9B1EA308C92E}"
EndProject
Project("{9A19103F-16F7-4668-BE54-9A1E7A4F7556}") = "learn", "week03\learn\learn.csproj", "{62D3718C-1D59-4A22-8817-EF5FA46DF87A}"
EndProject
Project("{9A19103F-16F7-4668-BE54-9A1E7A4F7556}") = "teach", "week03\teach\teach.csproj", "{9436DB59-652E-4135-A83A-DA3830925AAC}"
EndProject
Project("{2150E333-8FDC-42A3-9474-1A3956D46DE8}") = "week04", "week04", "{3B4FAFBA-CEF7-46DE-85CB-C54636DA27D1}"
EndProject
Project("{9A19103F-16F7-4668-BE54-9A1E7A4F7556}") = "code", "week04\code\code.csproj", "{4E38391E-028F-45DE-BCF7-44344378E0C3}"
EndProject
Project("{2150E333-8FDC-42A3-9474-1A3956D46DE8}") = "week05", "week05", "{DC1AB678-DB3E-4E15-9CBC-A31789A21807}"
EndProject
Project("{9A19103F-16F7-4668-BE54-9A1E7A4F7556}") = "code", "week05\code\code.csproj", "{B0D1BBCE-2964-4263-AA1A-92ED44767A7E}"
EndProject
Project("{2150E333-8FDC-42A3-9474-1A3956D46DE8}") = "week06", "week06", "{0B81C1B2-6EDF-41B9-8B96-968C7599A3DC}"
EndProject
Project("{9A19103F-16F7-4668-BE54-9A1E7A4F7556}") = "code", "week06\code\code.csproj", "{A4E41C41-D25D-4066-81EA-5270440438A1}"
EndProject
Global
	GlobalSection(SolutionConfigurationPlatforms) = preSolution
		Debug|Any CPU = Debug|Any CPU
		Release|Any CPU = Release|Any CPU
	EndGlobalSection
	GlobalSection(ProjectConfigurationPlatforms) = postSolution
		{008DEDA6-AAC7-4A91-990B-DCD5DB450419}.Debug|Any CPU.ActiveCfg = Debug|Any CPU
		{008DEDA6-AAC7-4A91-990B-DCD5DB450419}.Debug|Any CPU.Build.0 = Debug|Any CPU
		{008DEDA6-AAC7-4A91-990B-DCD5DB450419}.Release|Any CPU.ActiveCfg = Release|Any CPU
		{008DEDA6-AAC7-4A91-990B-DCD5DB450419}.Release|Any CPU.Build.0 = Release|Any CPU
		{0242B335-F87E-41AB-8FEB-BE69261D3B91}.Debug|Any CPU.ActiveCfg = Debug|Any CPU
		{0242B335-F87E-41AB-8FEB-BE69261D3B91}.Debug|Any CPU.Build.0 = Debug|Any CPU
		{0242B335-F87E-41AB-8FEB-BE69261D3B91}.Release|Any CPU.ActiveCfg = Release|Any CPU
		{0242B335-F87E-41AB-8FEB-BE69261D3B91}.Release|Any CPU.Build.0 = Release|Any CPU
		{B6AC9B19-0322-4577-B51F-07C9E12CF0AE}.Debug|Any CPU.ActiveCfg = Debug|Any CPU
		{B6AC9B19-0322-4577-B51F-07C9E12CF0AE}.Debug|Any CPU.Build.0 = Debug|Any CPU
		{B6AC9B19-0322-4577-B51F-07C9E12CF0AE}.Release|Any CPU.ActiveCfg = Release|Any CPU
		{B6AC9B19-0322-4577-B51F-07C9E12CF0AE}.Release|Any CPU.Build.0 = Release|Any CPU
		{AF2A92A6-F209-42A5-952F-24BEA57E852B}.Debug|Any CPU.ActiveCfg = Debug|Any CPU
		{AF2A92A6-F209-42A5-952F-24BEA57E852B}.Debug|Any CPU.Build.0 = Debug|Any CPU
		{AF2A92A6-F209-42A5-952F-24BEA57E852B}.Release|Any CPU.ActiveCfg = Release|Any CPU
		{AF2A92A6-F209-42A5-952F-24BEA57E852B}.Release|Any CPU.Build.0 = Release|Any CPU
		{59DB654A-216D-43E6-9B3A-67F2BDEC2149}.Debug|Any CPU.ActiveCfg = Debug|Any CPU
		{59DB654A-216D-43E6-9B3A-67F2BDEC2149}.Debug|Any CPU.Build.0 = Debug|Any CPU
		{59DB654A-216D-43E6-9B3A-67F2BDEC2149}.Release|Any CPU.ActiveCfg = Release|Any CPU
		{59DB654A-216D-43E6-9B3A-67F2BDEC2149}.Release|Any CPU.Build.0 = Release|Any CPU
		{78B197B7-7AD3-4746-B390-AC59965220C5}.Debug|Any CPU.ActiveCfg = Debug|Any CPU
		{78B197B7-7AD3-4746-B390-AC59965220C5}.Debug|Any CPU.Build.0 = Debug|Any CPU
		{78B197B7-7AD3-4746-B390-AC59965220C5}.Release|Any CPU.ActiveCfg = Release|Any CPU
		{78B197B7-7AD3-4746-B390-AC59965220C5}.Release|Any CPU.Build.0 = Release|Any CPU
		{9795F269-5ACD-44DD-BA86-B6BEE8A5F264}.Debug|Any CPU.ActiveCfg = Debug|Any CPU
		{9795F269-5ACD-44DD-BA86-B6BEE8A5F264}.Debug|Any CPU.Build.0 = Debug|Any CPU
		{9795F269-5ACD-44DD-BA86-B6BEE8A5F264}.Release|Any CPU.ActiveCfg = Release|Any CPU
		{9795F269-5ACD-44DD-BA86-B6BEE8A5F264}.Release|Any CPU.Build.0 = Release|Any CPU
		{48DD6A7E-C5CE-47AD-9667-EB5C9E599D0F}.Debug|Any CPU.ActiveCfg = Debug|Any CPU
		{48DD6A7E-C5CE-47AD-9667-EB5C9E599D0F}.Debug|Any CPU.Build.0 = Debug|Any CPU
		{48DD6A7E-C5CE-47AD-9667-EB5C9E599D0F}.Release|Any CPU.ActiveCfg = Release|Any CPU
		{48DD6A7E-C5CE-47AD-9667-EB5C9E599D0F}.Release|Any CPU.Build.0 = Release|Any CPU
		{57B3A1F0-0826-49DF-98CC-9B1EA308C92E}.Debug|Any CPU.ActiveCfg = Debug|Any CPU
		{57B3A1F0-0826-49DF-98CC-9B1EA308C92E}.Debug|Any CPU.Build.0 = Debug|Any CPU
		{57B3A1F0-0826-49DF-98CC-9B1EA308C92E}.Release|Any CPU.ActiveCfg = Release|Any CPU
		{57B3A1F0-0826-49DF-98CC-9B1EA308C92E}.Release|Any CPU.Build.0 = Release|Any CPU
		{62D3718C-1D59-4A22-8817-EF5FA46DF87A}.Debug|Any CPU.ActiveCfg = Debug|Any CPU
		{62D3718C-1D59-4A22-8817-EF5FA46DF87A}.Debug|Any CPU.Build.0 = Debug|Any CPU
		{62D3718C-1D59-4A22-8817-EF5FA46DF87A}.Release|Any CPU.ActiveCfg = Release|Any CPU
		{62D3718C-1D59-4A22-8817-EF5FA46DF87A}.Release|Any CPU.Build.0 = Release|Any CPU
		{9436DB59-652E-4135-A83A-DA3830925AAC}.Debug|Any CPU.ActiveCfg = Debug|Any CPU
		{9436DB59-652E-4135-A83A-DA3830925AAC}.Debug|Any CPU.Build.0 = Debug|Any CPU
		{9436DB59-652E-4135-A83A-DA3830925AAC}.Release|Any CPU.ActiveCfg = Release|Any CPU
		{9436DB59-652E-4135-A83A-DA3830925AAC}.Release|Any CPU.Build.0 = Release|Any CPU
		{4E38391E-028F-45DE-BCF7-44344378E0C3}.Debug|Any CPU.ActiveCfg = Debug|Any CPU
		{4E38391E-028F-45DE-BCF7-44344378E0C3}.Debug|Any CPU.Build.0 = Debug|Any CPU
		{4E38391E-028F-45DE-BCF7-44344378E0C3}.Release|Any CPU.ActiveCfg = Release|Any CPU
		{4E38391E-028F-45DE-BCF7-44344378E0C3}.Release|Any CPU.Build.0 = Release|Any CPU
		{B0D1BBCE-2964-4263-AA1A-92ED44767A7E}.Debug|Any CPU.ActiveCfg = Debug|Any CPU
		{B0D1BBCE-2964-4263-AA1A-92ED44767A7E}.Debug|Any CPU.Build.0 = Debug|Any CPU
		{B0D1BBCE-2964-4263-AA1A-92ED44767A7E}.Release|Any CPU.ActiveCfg = Release|Any CPU
		{B0D1BBCE-2964-4263-AA1A-92ED44767A7E}.Release|Any CPU.Build.0 = Release|Any CPU
		{A4E41C41-D25D-4066-81EA-5270440438A1}.Debug|Any CPU.ActiveCfg = Debug|Any CPU
		{A4E41C41-D25D-4066-81EA-5270440438A1}.Debug|Any CPU.Build.0 = Debug|Any CPU
		{A4E41C41-D25D-4066-81EA-5270440438A1}.Release|Any CPU.ActiveCfg = Release|Any CPU
		{A4E41C41-D25D-4066-81EA-5270440438A1}.Release|Any CPU.Build.0 = Release|Any CPU
	EndGlobalSection
	GlobalSection(SolutionProperties) = preSolution
		HideSolutionNode = FALSE
	EndGlobalSection
	GlobalSection(NestedProjects) = preSolution
		{008DEDA6-AAC7-4A91-990B-DCD5DB450419} = {439ECE72-EBD0-409B-B4D1-1FEC117A6688}
		{0242B335-F87E-41AB-8FEB-BE69261D3B91} = {6EEEEC26-34B6-4EB6-872B-A078EC67FD46}
		{B6AC9B19-0322-4577-B51F-07C9E12CF0AE} = {6EEEEC26-34B6-4EB6-872B-A078EC67FD46}
		{AF2A92A6-F209-42A5-952F-24BEA57E852B} = {6EEEEC26-34B6-4EB6-872B-A078EC67FD46}
		{59DB654A-216D-43E6-9B3A-67F2BDEC2149} = {83171E7B-D4F0-4088-A4F0-06E8C2A2F64F}
		{78B197B7-7AD3-4746-B390-AC59965220C5} = {83171E7B-D4F0-4088-A4F0-06E8C2A2F64F}
		{9795F269-5ACD-44DD-BA86-B6BEE8A5F264} = {83171E7B-D4F0-4088-A4F0-06E8C2A2F64F}
		{48DD6A7E-C5CE-47AD-9667-EB5C9E599D0F} = {83171E7B-D4F0-4088-A4F0-06E8C2A2F64F}
		{57B3A1F0-0826-49DF-98CC-9B1EA308C92E} = {26911854-0ACB-41AF-925B-396BB67E9204}
		{62D3718C-1D59-4A22-8817-EF5FA46DF87A} = {26911854-0ACB-41AF-925B-396BB67E9204}
		{9436DB59-652E-4135-A83A-DA3830925AAC} = {26911854-0ACB-41AF-925B-396BB67E9204}
		{4E38391E-028F-45DE-BCF7-44344378E0C3} = {3B4FAFBA-CEF7-46DE-85CB-C54636DA27D1}
		{B0D1BBCE-2964-4263-AA1A-92ED44767A7E} = {DC1AB678-DB3E-4E15-9CBC-A31789A21807}
		{A4E41C41-D25D-4066-81EA-5270440438A1} = {0B81C1B2-6EDF-41B9-8B96-968C7599A3DC}
	EndGlobalSection
	GlobalSection(ExtensibilityGlobals) = postSolution
		SolutionGuid = {5164F595-FD2C-4EC1-AE2A-B314D7562BCB}
	EndGlobalSection
EndGlobal
